
Microsoft Visual Studio Solution File, Format Version 12.00
# Visual Studio Version 17
VisualStudioVersion = 17.0.31903.59
MinimumVisualStudioVersion = 10.0.40219.1
Project("{2150E333-8FDC-42A3-9474-1A3956D46DE8}") = "src", "src", "{827E0CD3-B72D-47B6-A68D-7590B98EB39B}"
EndProject
Project("{FAE04EC0-301F-11D3-BF4B-00C04F79EFBC}") = "EventDriven.Contracts", "src\EventDriven.Contracts\EventDriven.Contracts.csproj", "{621DF575-EBF2-42BA-A248-8ECC7568A1D8}"
EndProject
Project("{FAE04EC0-301F-11D3-BF4B-00C04F79EFBC}") = "EventDriven.Messaging", "src\EventDriven.Messaging\EventDriven.Messaging.csproj", "{2FEF2935-855A-4502-8131-067938D9DD30}"
EndProject
Project("{FAE04EC0-301F-11D3-BF4B-00C04F79EFBC}") = "Ordering", "src\Ordering\Ordering.csproj", "{AE928CEC-A089-49F2-841C-94C228349FA2}"
EndProject
Project("{FAE04EC0-301F-11D3-BF4B-00C04F79EFBC}") = "Payments", "src\Payments\Payments.csproj", "{6DE84320-F038-434F-AFC0-F9230D5C4085}"
EndProject
Project("{FAE04EC0-301F-11D3-BF4B-00C04F79EFBC}") = "Shipping", "src\Shipping\Shipping.csproj", "{22CCCEBC-3780-430D-8D84-71B761EF0A94}"
EndProject
Project("{2150E333-8FDC-42A3-9474-1A3956D46DE8}") = "tools", "tools", "{07C2787E-EAC7-C090-1BA3-A61EC2A24D84}"
EndProject
Project("{FAE04EC0-301F-11D3-BF4B-00C04F79EFBC}") = "LoadTest", "tools\LoadTest\LoadTest.csproj", "{A8705B69-E8BD-4C13-9CFE-89806AB0E753}"
EndProject
Global
	GlobalSection(SolutionConfigurationPlatforms) = preSolution
		Debug|Any CPU = Debug|Any CPU
		Debug|x64 = Debug|x64
		Debug|x86 = Debug|x86
		Release|Any CPU = Release|Any CPU
		Release|x64 = Release|x64
		Release|x86 = Release|x86
	EndGlobalSection
	GlobalSection(ProjectConfigurationPlatforms) = postSolution
		{621DF575-EBF2-42BA-A248-8ECC7568A1D8}.Debug|Any CPU.ActiveCfg = Debug|Any CPU
		{621DF575-EBF2-42BA-A248-8ECC7568A1D8}.Debug|Any CPU.Build.0 = Debug|Any CPU
		{621DF575-EBF2-42BA-A248-8ECC7568A1D8}.Debug|x64.ActiveCfg = Debug|Any CPU
		{621DF575-EBF2-42BA-A248-8ECC7568A1D8}.Debug|x64.Build.0 = Debug|Any CPU
		{621DF575-EBF2-42BA-A248-8ECC7568A1D8}.Debug|x86.ActiveCfg = Debug|Any CPU
		{621DF575-EBF2-42BA-A248-8ECC7568A1D8}.Debug|x86.Build.0 = Debug|Any CPU
		{621DF575-EBF2-42BA-A248-8ECC7568A1D8}.Release|Any CPU.ActiveCfg = Release|Any CPU
		{621DF575-EBF2-42BA-A248-8ECC7568A1D8}.Release|Any CPU.Build.0 = Release|Any CPU
		{621DF575-EBF2-42BA-A248-8ECC7568A1D8}.Release|x64.ActiveCfg = Release|Any CPU
		{621DF575-EBF2-42BA-A248-8ECC7568A1D8}.Release|x64.Build.0 = Release|Any CPU
		{621DF575-EBF2-42BA-A248-8ECC7568A1D8}.Release|x86.ActiveCfg = Release|Any CPU
		{621DF575-EBF2-42BA-A248-8ECC7568A1D8}.Release|x86.Build.0 = Release|Any CPU
		{2FEF2935-855A-4502-8131-067938D9DD30}.Debug|Any CPU.ActiveCfg = Debug|Any CPU
		{2FEF2935-855A-4502-8131-067938D9DD30}.Debug|Any CPU.Build.0 = Debug|Any CPU
		{2FEF2935-855A-4502-8131-067938D9DD30}.Debug|x64.ActiveCfg = Debug|Any CPU
		{2FEF2935-855A-4502-8131-067938D9DD30}.Debug|x64.Build.0 = Debug|Any CPU
		{2FEF2935-855A-4502-8131-067938D9DD30}.Debug|x86.ActiveCfg = Debug|Any CPU
		{2FEF2935-855A-4502-8131-067938D9DD30}.Debug|x86.Build.0 = Debug|Any CPU
		{2FEF2935-855A-4502-8131-067938D9DD30}.Release|Any CPU.ActiveCfg = Release|Any CPU
		{2FEF2935-855A-4502-8131-067938D9DD30}.Release|Any CPU.Build.0 = Release|Any CPU
		{2FEF2935-855A-4502-8131-067938D9DD30}.Release|x64.ActiveCfg = Release|Any CPU
		{2FEF2935-855A-4502-8131-067938D9DD30}.Release|x64.Build.0 = Release|Any CPU
		{2FEF2935-855A-4502-8131-067938D9DD30}.Release|x86.ActiveCfg = Release|Any CPU
		{2FEF2935-855A-4502-8131-067938D9DD30}.Release|x86.Build.0 = Release|Any CPU
		{AE928CEC-A089-49F2-841C-94C228349FA2}.Debug|Any CPU.ActiveCfg = Debug|Any CPU
		{AE928CEC-A089-49F2-841C-94C228349FA2}.Debug|Any CPU.Build.0 = Debug|Any CPU
		{AE928CEC-A089-49F2-841C-94C228349FA2}.Debug|x64.ActiveCfg = Debug|Any CPU
		{AE928CEC-A089-49F2-841C-94C228349FA2}.Debug|x64.Build.0 = Debug|Any CPU
		{AE928CEC-A089-49F2-841C-94C228349FA2}.Debug|x86.ActiveCfg = Debug|Any CPU
		{AE928CEC-A089-49F2-841C-94C228349FA2}.Debug|x86.Build.0 = Debug|Any CPU
		{AE928CEC-A089-49F2-841C-94C228349FA2}.Release|Any CPU.ActiveCfg = Release|Any CPU
		{AE928CEC-A089-49F2-841C-94C228349FA2}.Release|Any CPU.Build.0 = Release|Any CPU
		{AE928CEC-A089-49F2-841C-94C228349FA2}.Release|x64.ActiveCfg = Release|Any CPU
		{AE928CEC-A089-49F2-841C-94C228349FA2}.Release|x64.Build.0 = Release|Any CPU
		{AE928CEC-A089-49F2-841C-94C228349FA2}.Release|x86.ActiveCfg = Release|Any CPU
		{AE928CEC-A089-49F2-841C-94C228349FA2}.Release|x86.Build.0 = Release|Any CPU
		{6DE84320-F038-434F-AFC0-F9230D5C4085}.Debug|Any CPU.ActiveCfg = Debug|Any CPU
		{6DE84320-F038-434F-AFC0-F9230D5C4085}.Debug|Any CPU.Build.0 = Debug|Any CPU
		{6DE84320-F038-434F-AFC0-F9230D5C4085}.Debug|x64.ActiveCfg = Debug|Any CPU
		{6DE84320-F038-434F-AFC0-F9230D5C4085}.Debug|x64.Build.0 = Debug|Any CPU
		{6DE84320-F038-434F-AFC0-F9230D5C4085}.Debug|x86.ActiveCfg = Debug|Any CPU
		{6DE84320-F038-434F-AFC0-F9230D5C4085}.Debug|x86.Build.0 = Debug|Any CPU
		{6DE84320-F038-434F-AFC0-F9230D5C4085}.Release|Any CPU.ActiveCfg = Release|Any CPU
		{6DE84320-F038-434F-AFC0-F9230D5C4085}.Release|Any CPU.Build.0 = Release|Any CPU
		{6DE84320-F038-434F-AFC0-F9230D5C4085}.Release|x64.ActiveCfg = Release|Any CPU
		{6DE84320-F038-434F-AFC0-F9230D5C4085}.Release|x64.Build.0 = Release|Any CPU
		{6DE84320-F038-434F-AFC0-F9230D5C4085}.Release|x86.ActiveCfg = Release|Any CPU
		{6DE84320-F038-434F-AFC0-F9230D5C4085}.Release|x86.Build.0 = Release|Any CPU
		{22CCCEBC-3780-430D-8D84-71B761EF0A94}.Debug|Any CPU.ActiveCfg = Debug|Any CPU
		{22CCCEBC-3780-430D-8D84-71B761EF0A94}.Debug|Any CPU.Build.0 = Debug|Any CPU
		{22CCCEBC-3780-430D-8D84-71B761EF0A94}.Debug|x64.ActiveCfg = Debug|Any CPU
		{22CCCEBC-3780-430D-8D84-71B761EF0A94}.Debug|x64.Build.0 = Debug|Any CPU
		{22CCCEBC-3780-430D-8D84-71B761EF0A94}.Debug|x86.ActiveCfg = Debug|Any CPU
		{22CCCEBC-3780-430D-8D84-71B761EF0A94}.Debug|x86.Build.0 = Debug|Any CPU
		{22CCCEBC-3780-430D-8D84-71B761EF0A94}.Release|Any CPU.ActiveCfg = Release|Any CPU
		{22CCCEBC-3780-430D-8D84-71B761EF0A94}.Release|Any CPU.Build.0 = Release|Any CPU
		{22CCCEBC-3780-430D-8D84-71B761EF0A94}.Release|x64.ActiveCfg = Release|Any CPU
		{22CCCEBC-3780-430D-8D84-71B761EF0A94}.Release|x64.Build.0 = Release|Any CPU
		{22CCCEBC-3780-430D-8D84-71B761EF0A94}.Release|x86.ActiveCfg = Release|Any CPU
		{22CCCEBC-3780-430D-8D84-71B761EF0A94}.Release|x86.Build.0 = Release|Any CPU
		{A8705B69-E8BD-4C13-9CFE-89806AB0E753}.Debug|Any CPU.ActiveCfg = Debug|Any CPU
		{A8705B69-E8BD-4C13-9CFE-89806AB0E753}.Debug|Any CPU.Build.0 = Debug|Any CPU
		{A8705B69-E8BD-4C13-9CFE-89806AB0E753}.Debug|x64.ActiveCfg = Debug|Any CPU
		{A8705B69-E8BD-4C13-9CFE-89806AB0E753}.Debug|x64.Build.0 = Debug|Any CPU
		{A8705B69-E8BD-4C13-9CFE-89806AB0E753}.Debug|x86.ActiveCfg = Debug|Any CPU
		{A8705B69-E8BD-4C13-9CFE-89806AB0E753}.Debug|x86.Build.0 = Debug|Any CPU
		{A8705B69-E8BD-4C13-9CFE-89806AB0E753}.Release|Any CPU.ActiveCfg = Release|Any CPU
		{A8705B69-E8BD-4C13-9CFE-89806AB0E753}.Release|Any CPU.Build.0 = Release|Any CPU
		{A8705B69-E8BD-4C13-9CFE-89806AB0E753}.Release|x64.ActiveCfg = Release|Any CPU
		{A8705B69-E8BD-4C13-9CFE-89806AB0E753}.Release|x64.Build.0 = Release|Any CPU
		{A8705B69-E8BD-4C13-9CFE-89806AB0E753}.Release|x86.ActiveCfg = Release|Any CPU
		{A8705B69-E8BD-4C13-9CFE-89806AB0E753}.Release|x86.Build.0 = Release|Any CPU
	EndGlobalSection
	GlobalSection(SolutionProperties) = preSolution
		HideSolutionNode = FALSE
	EndGlobalSection
	GlobalSection(NestedProjects) = preSolution
		{621DF575-EBF2-42BA-A248-8ECC7568A1D8} = {827E0CD3-B72D-47B6-A68D-7590B98EB39B}
		{2FEF2935-855A-4502-8131-067938D9DD30} = {827E0CD3-B72D-47B6-A68D-7590B98EB39B}
		{AE928CEC-A089-49F2-841C-94C228349FA2} = {827E0CD3-B72D-47B6-A68D-7590B98EB39B}
		{6DE84320-F038-434F-AFC0-F9230D5C4085} = {827E0CD3-B72D-47B6-A68D-7590B98EB39B}
		{22CCCEBC-3780-430D-8D84-71B761EF0A94} = {827E0CD3-B72D-47B6-A68D-7590B98EB39B}
		{A8705B69-E8BD-4C13-9CFE-89806AB0E753} = {07C2787E-EAC7-C090-1BA3-A61EC2A24D84}
	EndGlobalSection
EndGlobal
